<?xml version="1.0" encoding="UTF-8" standalone="yes" ?>
<CodeBlocks_project_file>
	<FileVersion major="1" minor="6" />
	<Project>
		<Option title="scale-emkt-cpp" />
		<Option pch_mode="2" />
		<Option compiler="gcc" />
		<Build>
			<Target title="Debug">
				<Option output="bin\Debug\scale-emkt-cpp" prefix_auto="1" extension_auto="1" />
				<Option object_output="obj\Debug\" />
				<Option type="1" />
				<Option compiler="gcc" />
				<Compiler>
					<Add option="-g" />
				</Compiler>
			</Target>
			<Target title="Release">
				<Option output="bin\Release\scale-emkt-cpp" prefix_auto="1" extension_auto="1" />
				<Option object_output="obj\Release\" />
				<Option type="1" />
				<Option compiler="gcc" />
				<Compiler>
					<Add option="-O2" />
				</Compiler>
				<Linker>
					<Add option="-s" />
				</Linker>
			</Target>
		</Build>
		<Compiler>
			<Add option="-Wall" />
			<Add option="-fexceptions" />
		</Compiler>
		<Unit filename="Base64.cpp" />
		<Unit filename="DNS.cpp" />
		<Unit filename="DNS.h" />
		<Unit filename="Database.cpp" />
		<Unit filename="Database.h" />
		<Unit filename="Date.cpp" />
		<Unit filename="Date.h" />
		<Unit filename="Debug.cpp" />
		<Unit filename="Debug.h" />
		<Unit filename="Encoder.cpp" />
		<Unit filename="Encoder.h" />
		<Unit filename="ErrorPop.cpp" />
		<Unit filename="ErrorPop.h" />
		<Unit filename="Mailer.cpp" />
		<Unit filename="Mailer.h" />
		<Unit filename="Makefile" />
		<Unit filename="Mutex.cpp" />
		<Unit filename="Mutex.h" />
		<Unit filename="Peca.cpp" />
		<Unit filename="Peca.h" />
		<Unit filename="PecaHandler.cpp" />
		<Unit filename="PecaHandler.h" />
		<Unit filename="Pointer.cpp" />
		<Unit filename="Pointer.h" />
		<Unit filename="QueueManager.cpp" />
		<Unit filename="QueueManager.h" />
		<Unit filename="QuotedPrintable.cpp" />
		<Unit filename="QuotedPrintable.h" />
		<Unit filename="Sender.cpp" />
		<Unit filename="Sender.h" />
		<Unit filename="Thread.cpp" />
		<Unit filename="Thread.h" />
		<Unit filename="base64.h" />
		<Unit filename="binaryblock.cpp" />
		<Unit filename="binaryblock.h" />
		<Unit filename="emkt.cpp" />
		<Unit filename="global.h" />
		<Unit filename="procmailemkt.cpp" />
		<Unit filename="socket_err.cpp" />
		<Extensions>
			<code_completion />
			<envvars />
			<debugger />
			<lib_finder disable_auto="1" />
		</Extensions>
	</Project>
</CodeBlocks_project_file>
